
Microsoft Visual Studio Solution File, Format Version 12.00
# Visual Studio Version 17
VisualStudioVersion = 17.0.31912.275
MinimumVisualStudioVersion = 10.0.40219.1
Project("{00D1A9C2-B5F0-4AF3-8072-F6C62B433612}") = "Database1", "Database1\Database1.sqlproj", "{83C18BFD-816B-479D-A8EB-E27D653C1DB2}"
EndProject
Global
	GlobalSection(SolutionConfigurationPlatforms) = preSolution
		Debug|Any CPU = Debug|Any CPU
		Release|Any CPU = Release|Any CPU
	EndGlobalSection
	GlobalSection(ProjectConfigurationPlatforms) = postSolution
		{83C18BFD-816B-479D-A8EB-E27D653C1DB2}.Debug|Any CPU.ActiveCfg = Debug|Any CPU
		{83C18BFD-816B-479D-A8EB-E27D653C1DB2}.Debug|Any CPU.Build.0 = Debug|Any CPU
		{83C18BFD-816B-479D-A8EB-E27D653C1DB2}.Debug|Any CPU.Deploy.0 = Debug|Any CPU
		{83C18BFD-816B-479D-A8EB-E27D653C1DB2}.Release|Any CPU.ActiveCfg = Release|Any CPU
		{83C18BFD-816B-479D-A8EB-E27D653C1DB2}.Release|Any CPU.Build.0 = Release|Any CPU
		{83C18BFD-816B-479D-A8EB-E27D653C1DB2}.Release|Any CPU.Deploy.0 = Release|Any CPU
	EndGlobalSection
	GlobalSection(SolutionProperties) = preSolution
		HideSolutionNode = FALSE
	EndGlobalSection
	GlobalSection(ExtensibilityGlobals) = postSolution
		SolutionGuid = {C7DBA9CD-4C20-4CAC-9F90-8288AE733189}
	EndGlobalSection
EndGlobal
